{
  "version": 4,
  "terraform_version": "0.12.10",
  "serial": 3,
  "lineage": "478ada3e-5e33-aa11-ea81-dfe9a3bf4af5",
  "outputs": {},
  "resources": [
    {
      "mode": "data",
      "type": "azurerm_subnet",
      "name": "gwSubnet",
      "provider": "provider.azurerm",
      "instances": [
        {
          "schema_version": 0,
          "attributes": {
            "address_prefix": "10.140.2.0/24",
            "id": "/subscriptions/0d87dc7a-1e79-4d24-aeaf-2b3d39e68787/resourceGroups/slawekrg022/providers/Microsoft.Network/virtualNetworks/slawek_hub_vnet/subnets/GatewaySubnet",
            "ip_configurations": [],
            "name": "GatewaySubnet",
            "network_security_group_id": "",
            "resource_group_name": "slawekrg022",
            "route_table_id": "",
            "service_endpoints": [],
            "virtual_network_name": "slawek_hub_vnet"
          }
        }
      ]
    },
    {
      "mode": "managed",
      "type": "azurerm_local_network_gateway",
      "name": "localGW",
      "provider": "provider.azurerm",
      "instances": [
        {
          "schema_version": 0,
          "attributes": {
            "address_space": [
              "192.168.1.0/24"
            ],
            "bgp_settings": [],
            "gateway_address": "62.62.62.62",
            "id": "/subscriptions/0d87dc7a-1e79-4d24-aeaf-2b3d39e68787/resourceGroups/slawekrg022/providers/Microsoft.Network/localNetworkGateways/Slawek_LocalGW_VPN",
            "location": "westeurope",
            "name": "Slawek_LocalGW_VPN",
            "resource_group_name": "slawekrg022",
            "tags": {}
          },
          "private": "bnVsbA=="
        }
      ]
    },
    {
      "mode": "managed",
      "type": "azurerm_public_ip",
      "name": "gwPIP",
      "provider": "provider.azurerm",
      "instances": [
        {
          "schema_version": 0,
          "attributes": {
            "allocation_method": "Dynamic",
            "domain_name_label": null,
            "fqdn": null,
            "id": "/subscriptions/0d87dc7a-1e79-4d24-aeaf-2b3d39e68787/resourceGroups/slawekrg022/providers/Microsoft.Network/publicIPAddresses/Slawek_GW_PIP",
            "idle_timeout_in_minutes": 4,
            "ip_address": "",
            "ip_version": "IPv4",
            "location": "westeurope",
            "name": "Slawek_GW_PIP",
            "public_ip_address_allocation": "Dynamic",
            "public_ip_prefix_id": null,
            "resource_group_name": "slawekrg022",
            "reverse_fqdn": null,
            "sku": "Basic",
            "tags": {},
            "zones": null
          },
          "private": "bnVsbA=="
        }
      ]
    },
    {
      "mode": "managed",
      "type": "azurerm_virtual_network_gateway_connection",
      "name": "vpnConnect",
      "provider": "provider.azurerm",
      "instances": []
    }
  ]
}
